// !$*UTF8*$!
{
	archiveVersion = 1;
	classes = {
	};
	objectVersion = 50;
	objects = {

/* Begin PBXBuildFile section */
		5D43167A2093CA0900F1EE50 /* AppStoryboard.swift in Sources */ = {isa = PBXBuildFile; fileRef = 5D4316792093CA0900F1EE50 /* AppStoryboard.swift */; };
		5D820BA420939915000BDDE4 /* AppDelegate.swift in Sources */ = {isa = PBXBuildFile; fileRef = 5D820BA320939915000BDDE4 /* AppDelegate.swift */; };
		5D820BA620939915000BDDE4 /* ViewController.swift in Sources */ = {isa = PBXBuildFile; fileRef = 5D820BA520939915000BDDE4 /* ViewController.swift */; };
		5D820BA920939915000BDDE4 /* Main.storyboard in Resources */ = {isa = PBXBuildFile; fileRef = 5D820BA720939915000BDDE4 /* Main.storyboard */; };
		5D820BAB20939930000BDDE4 /* Assets.xcassets in Resources */ = {isa = PBXBuildFile; fileRef = 5D820BAA20939930000BDDE4 /* Assets.xcassets */; };
		5D820BAE20939930000BDDE4 /* LaunchScreen.storyboard in Resources */ = {isa = PBXBuildFile; fileRef = 5D820BAC20939930000BDDE4 /* LaunchScreen.storyboard */; };
		5D820BB720939D96000BDDE4 /* AppMode.swift in Sources */ = {isa = PBXBuildFile; fileRef = 5D820BB620939D96000BDDE4 /* AppMode.swift */; };
/* End PBXBuildFile section */

/* Begin PBXFileReference section */
		5D4316792093CA0900F1EE50 /* AppStoryboard.swift */ = {isa = PBXFileReference; lastKnownFileType = sourcecode.swift; path = AppStoryboard.swift; sourceTree = "<group>"; };
		5D820BA020939914000BDDE4 /* ProjectTemplate.app */ = {isa = PBXFileReference; explicitFileType = wrapper.application; includeInIndex = 0; path = ProjectTemplate.app; sourceTree = BUILT_PRODUCTS_DIR; };
		5D820BA320939915000BDDE4 /* AppDelegate.swift */ = {isa = PBXFileReference; lastKnownFileType = sourcecode.swift; path = AppDelegate.swift; sourceTree = "<group>"; };
		5D820BA520939915000BDDE4 /* ViewController.swift */ = {isa = PBXFileReference; lastKnownFileType = sourcecode.swift; path = ViewController.swift; sourceTree = "<group>"; };
		5D820BA820939915000BDDE4 /* Base */ = {isa = PBXFileReference; lastKnownFileType = file.storyboard; name = Base; path = Base.lproj/Main.storyboard; sourceTree = "<group>"; };
		5D820BAA20939930000BDDE4 /* Assets.xcassets */ = {isa = PBXFileReference; lastKnownFileType = folder.assetcatalog; path = Assets.xcassets; sourceTree = "<group>"; };
		5D820BAD20939930000BDDE4 /* Base */ = {isa = PBXFileReference; lastKnownFileType = file.storyboard; name = Base; path = Base.lproj/LaunchScreen.storyboard; sourceTree = "<group>"; };
		5D820BAF20939930000BDDE4 /* Info.plist */ = {isa = PBXFileReference; lastKnownFileType = text.plist.xml; path = Info.plist; sourceTree = "<group>"; };
		5D820BB620939D96000BDDE4 /* AppMode.swift */ = {isa = PBXFileReference; lastKnownFileType = sourcecode.swift; path = AppMode.swift; sourceTree = "<group>"; };
/* End PBXFileReference section */

/* Begin PBXFrameworksBuildPhase section */
		5D820B9D20939914000BDDE4 /* Frameworks */ = {
			isa = PBXFrameworksBuildPhase;
			buildActionMask = 2147483647;
			files = (
			);
			runOnlyForDeploymentPostprocessing = 0;
		};
/* End PBXFrameworksBuildPhase section */

/* Begin PBXGroup section */
		5D4316772093C9E600F1EE50 /* Helper Classes */ = {
			isa = PBXGroup;
			children = (
				5D4316782093C9F200F1EE50 /* Storyboard */,
			);
			path = "Helper Classes";
			sourceTree = "<group>";
		};
		5D4316782093C9F200F1EE50 /* Storyboard */ = {
			isa = PBXGroup;
			children = (
				5D4316792093CA0900F1EE50 /* AppStoryboard.swift */,
			);
			path = Storyboard;
			sourceTree = "<group>";
		};
		5D820B9720939914000BDDE4 = {
			isa = PBXGroup;
			children = (
				5D820BA220939915000BDDE4 /* ProjectTemplate */,
				5D820BA120939914000BDDE4 /* Products */,
			);
			sourceTree = "<group>";
		};
		5D820BA120939914000BDDE4 /* Products */ = {
			isa = PBXGroup;
			children = (
				5D820BA020939914000BDDE4 /* ProjectTemplate.app */,
			);
			name = Products;
			sourceTree = "<group>";
		};
		5D820BA220939915000BDDE4 /* ProjectTemplate */ = {
			isa = PBXGroup;
			children = (
				5D820BB520939D65000BDDE4 /* Shared */,
				5D4316772093C9E600F1EE50 /* Helper Classes */,
				5D820BA320939915000BDDE4 /* AppDelegate.swift */,
				5D820BA520939915000BDDE4 /* ViewController.swift */,
				5D820BA720939915000BDDE4 /* Main.storyboard */,
				5D820BAA20939930000BDDE4 /* Assets.xcassets */,
				5D820BAC20939930000BDDE4 /* LaunchScreen.storyboard */,
				5D820BAF20939930000BDDE4 /* Info.plist */,
			);
			path = ProjectTemplate;
			sourceTree = "<group>";
		};
		5D820BB520939D65000BDDE4 /* Shared */ = {
			isa = PBXGroup;
			children = (
				5D820BB620939D96000BDDE4 /* AppMode.swift */,
			);
			path = Shared;
			sourceTree = "<group>";
		};
/* End PBXGroup section */

/* Begin PBXNativeTarget section */
		5D820B9F20939914000BDDE4 /* ProjectTemplate */ = {
			isa = PBXNativeTarget;
			buildConfigurationList = 5D820BB220939930000BDDE4 /* Build configuration list for PBXNativeTarget "ProjectTemplate" */;
			buildPhases = (
				5D820B9C20939914000BDDE4 /* Sources */,
				5D820B9D20939914000BDDE4 /* Frameworks */,
				5D820B9E20939914000BDDE4 /* Resources */,
			);
			buildRules = (
			);
			dependencies = (
			);
			name = ProjectTemplate;
			productName = ProjectTemplate;
			productReference = 5D820BA020939914000BDDE4 /* ProjectTemplate.app */;
			productType = "com.apple.product-type.application";
		};
/* End PBXNativeTarget section */

/* Begin PBXProject section */
		5D820B9820939914000BDDE4 /* Project object */ = {
			isa = PBXProject;
			attributes = {
				LastSwiftUpdateCheck = 0930;
				LastUpgradeCheck = 0930;
				ORGANIZATIONNAME = "AKS iOS DEV";
				TargetAttributes = {
					5D820B9F20939914000BDDE4 = {
						CreatedOnToolsVersion = 9.3;
					};
				};
			};
			buildConfigurationList = 5D820B9B20939914000BDDE4 /* Build configuration list for PBXProject "ProjectTemplate" */;
			compatibilityVersion = "Xcode 9.3";
			developmentRegion = en;
			hasScannedForEncodings = 0;
			knownRegions = (
				en,
				Base,
			);
			mainGroup = 5D820B9720939914000BDDE4;
			productRefGroup = 5D820BA120939914000BDDE4 /* Products */;
			projectDirPath = "";
			projectRoot = "";
			targets = (
				5D820B9F20939914000BDDE4 /* ProjectTemplate */,
			);
		};
/* End PBXProject section */

/* Begin PBXResourcesBuildPhase section */
		5D820B9E20939914000BDDE4 /* Resources */ = {
			isa = PBXResourcesBuildPhase;
			buildActionMask = 2147483647;
			files = (
				5D820BAE20939930000BDDE4 /* LaunchScreen.storyboard in Resources */,
				5D820BAB20939930000BDDE4 /* Assets.xcassets in Resources */,
				5D820BA920939915000BDDE4 /* Main.storyboard in Resources */,
			);
			runOnlyForDeploymentPostprocessing = 0;
		};
/* End PBXResourcesBuildPhase section */

/* Begin PBXSourcesBuildPhase section */
		5D820B9C20939914000BDDE4 /* Sources */ = {
			isa = PBXSourcesBuildPhase;
			buildActionMask = 2147483647;
			files = (
				5D820BA620939915000BDDE4 /* ViewController.swift in Sources */,
				5D820BA420939915000BDDE4 /* AppDelegate.swift in Sources */,
				5D43167A2093CA0900F1EE50 /* AppStoryboard.swift in Sources */,
				5D820BB720939D96000BDDE4 /* AppMode.swift in Sources */,
			);
			runOnlyForDeploymentPostprocessing = 0;
		};
/* End PBXSourcesBuildPhase section */

/* Begin PBXVariantGroup section */
		5D820BA720939915000BDDE4 /* Main.storyboard */ = {
			isa = PBXVariantGroup;
			children = (
				5D820BA820939915000BDDE4 /* Base */,
			);
			name = Main.storyboard;
			sourceTree = "<group>";
		};
		5D820BAC20939930000BDDE4 /* LaunchScreen.storyboard */ = {
			isa = PBXVariantGroup;
			children = (
				5D820BAD20939930000BDDE4 /* Base */,
			);
			name = LaunchScreen.storyboard;
			sourceTree = "<group>";
		};
/* End PBXVariantGroup section */

/* Begin XCBuildConfiguration section */
		5D820BB020939930000BDDE4 /* Debug */ = {
			isa = XCBuildConfiguration;
			buildSettings = {
				ALWAYS_SEARCH_USER_PATHS = NO;
				CLANG_ANALYZER_NONNULL = YES;
				CLANG_ANALYZER_NUMBER_OBJECT_CONVERSION = YES_AGGRESSIVE;
				CLANG_CXX_LANGUAGE_STANDARD = "gnu++14";
				CLANG_CXX_LIBRARY = "libc++";
				CLANG_ENABLE_MODULES = YES;
				CLANG_ENABLE_OBJC_ARC = YES;
				CLANG_ENABLE_OBJC_WEAK = YES;
				CLANG_WARN_BLOCK_CAPTURE_AUTORELEASING = YES;
				CLANG_WARN_BOOL_CONVERSION = YES;
				CLANG_WARN_COMMA = YES;
				CLANG_WARN_CONSTANT_CONVERSION = YES;
				CLANG_WARN_DEPRECATED_OBJC_IMPLEMENTATIONS = YES;
				CLANG_WARN_DIRECT_OBJC_ISA_USAGE = YES_ERROR;
				CLANG_WARN_DOCUMENTATION_COMMENTS = YES;
				CLANG_WARN_EMPTY_BODY = YES;
				CLANG_WARN_ENUM_CONVERSION = YES;
				CLANG_WARN_INFINITE_RECURSION = YES;
				CLANG_WARN_INT_CONVERSION = YES;
				CLANG_WARN_NON_LITERAL_NULL_CONVERSION = YES;
				CLANG_WARN_OBJC_IMPLICIT_RETAIN_SELF = YES;
				CLANG_WARN_OBJC_LITERAL_CONVERSION = YES;
				CLANG_WARN_OBJC_ROOT_CLASS = YES_ERROR;
				CLANG_WARN_RANGE_LOOP_ANALYSIS = YES;
				CLANG_WARN_STRICT_PROTOTYPES = YES;
				CLANG_WARN_SUSPICIOUS_MOVE = YES;
				CLANG_WARN_UNGUARDED_AVAILABILITY = YES_AGGRESSIVE;
				CLANG_WARN_UNREACHABLE_CODE = YES;
				CLANG_WARN__DUPLICATE_METHOD_MATCH = YES;
				CODE_SIGN_IDENTITY = "iPhone Developer";
				COPY_PHASE_STRIP = NO;
				DEBUG_INFORMATION_FORMAT = dwarf;
				ENABLE_STRICT_OBJC_MSGSEND = YES;
				ENABLE_TESTABILITY = YES;
				GCC_C_LANGUAGE_STANDARD = gnu11;
				GCC_DYNAMIC_NO_PIC = NO;
				GCC_NO_COMMON_BLOCKS = YES;
				GCC_OPTIMIZATION_LEVEL = 0;
				GCC_PREPROCESSOR_DEFINITIONS = (
					"DEBUG=1",
					"$(inherited)",
				);
				GCC_WARN_64_TO_32_BIT_CONVERSION = YES;
				GCC_WARN_ABOUT_RETURN_TYPE = YES_ERROR;
				GCC_WARN_UNDECLARED_SELECTOR = YES;
				GCC_WARN_UNINITIALIZED_AUTOS = YES_AGGRESSIVE;
				GCC_WARN_UNUSED_FUNCTION = YES;
				GCC_WARN_UNUSED_VARIABLE = YES;
				IPHONEOS_DEPLOYMENT_TARGET = 11.3;
				MTL_ENABLE_DEBUG_INFO = YES;
				ONLY_ACTIVE_ARCH = YES;
				SDKROOT = iphoneos;
				SWIFT_ACTIVE_COMPILATION_CONDITIONS = DEBUG;
				SWIFT_OPTIMIZATION_LEVEL = "-Onone";
			};
			name = Debug;
		};
		5D820BB120939930000BDDE4 /* Release */ = {
			isa = XCBuildConfiguration;
			buildSettings = {
				ALWAYS_SEARCH_USER_PATHS = NO;
				CLANG_ANALYZER_NONNULL = YES;
				CLANG_ANALYZER_NUMBER_OBJECT_CONVERSION = YES_AGGRESSIVE;
				CLANG_CXX_LANGUAGE_STANDARD = "gnu++14";
				CLANG_CXX_LIBRARY = "libc++";
				CLANG_ENABLE_MODULES = YES;
				CLANG_ENABLE_OBJC_ARC = YES;
				CLANG_ENABLE_OBJC_WEAK = YES;
				CLANG_WARN_BLOCK_CAPTURE_AUTORELEASING = YES;
				CLANG_WARN_BOOL_CONVERSION = YES;
				CLANG_WARN_COMMA = YES;
				CLANG_WARN_CONSTANT_CONVERSION = YES;
				CLANG_WARN_DEPRECATED_OBJC_IMPLEMENTATIONS = YES;
				CLANG_WARN_DIRECT_OBJC_ISA_USAGE = YES_ERROR;
				CLANG_WARN_DOCUMENTATION_COMMENTS = YES;
				CLANG_WARN_EMPTY_BODY = YES;
				CLANG_WARN_ENUM_CONVERSION = YES;
				CLANG_WARN_INFINITE_RECURSION = YES;
				CLANG_WARN_INT_CONVERSION = YES;
				CLANG_WARN_NON_LITERAL_NULL_CONVERSION = YES;
				CLANG_WARN_OBJC_IMPLICIT_RETAIN_SELF = YES;
				CLANG_WARN_OBJC_LITERAL_CONVERSION = YES;
				CLANG_WARN_OBJC_ROOT_CLASS = YES_ERROR;
				CLANG_WARN_RANGE_LOOP_ANALYSIS = YES;
				CLANG_WARN_STRICT_PROTOTYPES = YES;
				CLANG_WARN_SUSPICIOUS_MOVE = YES;
				CLANG_WARN_UNGUARDED_AVAILABILITY = YES_AGGRESSIVE;
				CLANG_WARN_UNREACHABLE_CODE = YES;
				CLANG_WARN__DUPLICATE_METHOD_MATCH = YES;
				CODE_SIGN_IDENTITY = "iPhone Developer";
				COPY_PHASE_STRIP = NO;
				DEBUG_INFORMATION_FORMAT = "dwarf-with-dsym";
				ENABLE_NS_ASSERTIONS = NO;
				ENABLE_STRICT_OBJC_MSGSEND = YES;
				GCC_C_LANGUAGE_STANDARD = gnu11;
				GCC_NO_COMMON_BLOCKS = YES;
				GCC_WARN_64_TO_32_BIT_CONVERSION = YES;
				GCC_WARN_ABOUT_RETURN_TYPE = YES_ERROR;
				GCC_WARN_UNDECLARED_SELECTOR = YES;
				GCC_WARN_UNINITIALIZED_AUTOS = YES_AGGRESSIVE;
				GCC_WARN_UNUSED_FUNCTION = YES;
				GCC_WARN_UNUSED_VARIABLE = YES;
				IPHONEOS_DEPLOYMENT_TARGET = 11.3;
				MTL_ENABLE_DEBUG_INFO = NO;
				SDKROOT = iphoneos;
				SWIFT_COMPILATION_MODE = wholemodule;
				SWIFT_OPTIMIZATION_LEVEL = "-O";
				VALIDATE_PRODUCT = YES;
			};
			name = Release;
		};
		5D820BB320939930000BDDE4 /* Debug */ = {
			isa = XCBuildConfiguration;
			buildSettings = {
				ASSETCATALOG_COMPILER_APPICON_NAME = AppIcon;
				CODE_SIGN_IDENTITY = "iPhone Distribution";
				CODE_SIGN_STYLE = Manual;
				DEVELOPMENT_TEAM = 2KAL3NND99;
				INFOPLIST_FILE = ProjectTemplate/Info.plist;
				LD_RUNPATH_SEARCH_PATHS = (
					"$(inherited)",
					"@executable_path/Frameworks",
				);
				PRODUCT_BUNDLE_IDENTIFIER = com.a1distribute.openearsDemo.ProjectTemplate;
				PRODUCT_NAME = "$(TARGET_NAME)";
				PROVISIONING_PROFILE = "e71522c1-6486-4583-83b4-7852a46497e8";
				PROVISIONING_PROFILE_SPECIFIER = Distribute_A1;
				SWIFT_VERSION = 4.0;
				TARGETED_DEVICE_FAMILY = "1,2";
			};
			name = Debug;
		};
		5D820BB420939930000BDDE4 /* Release */ = {
			isa = XCBuildConfiguration;
			buildSettings = {
				ASSETCATALOG_COMPILER_APPICON_NAME = AppIcon;
				CODE_SIGN_IDENTITY = "iPhone Distribution";
				CODE_SIGN_STYLE = Manual;
				DEVELOPMENT_TEAM = 2KAL3NND99;
				INFOPLIST_FILE = ProjectTemplate/Info.plist;
				LD_RUNPATH_SEARCH_PATHS = (
					"$(inherited)",
					"@executable_path/Frameworks",
				);
				PRODUCT_BUNDLE_IDENTIFIER = com.a1distribute.openearsDemo.ProjectTemplate;
				PRODUCT_NAME = "$(TARGET_NAME)";
				PROVISIONING_PROFILE = "e71522c1-6486-4583-83b4-7852a46497e8";
				PROVISIONING_PROFILE_SPECIFIER = Distribute_A1;
				SWIFT_VERSION = 4.0;
				TARGETED_DEVICE_FAMILY = "1,2";
			};
			name = Release;
		};
/* End XCBuildConfiguration section */

/* Begin XCConfigurationList section */
		5D820B9B20939914000BDDE4 /* Build configuration list for PBXProject "ProjectTemplate" */ = {
			isa = XCConfigurationList;
			buildConfigurations = (
				5D820BB020939930000BDDE4 /* Debug */,
				5D820BB120939930000BDDE4 /* Release */,
			);
			defaultConfigurationIsVisible = 0;
			defaultConfigurationName = Release;
		};
		5D820BB220939930000BDDE4 /* Build configuration list for PBXNativeTarget "ProjectTemplate" */ = {
			isa = XCConfigurationList;
			buildConfigurations = (
				5D820BB320939930000BDDE4 /* Debug */,
				5D820BB420939930000BDDE4 /* Release */,
			);
			defaultConfigurationIsVisible = 0;
			defaultConfigurationName = Release;
		};
/* End XCConfigurationList section */
	};
	rootObject = 5D820B9820939914000BDDE4 /* Project object */;
}
